
Microsoft Visual Studio Solution File, Format Version 12.00
# Visual Studio Version 16
VisualStudioVersion = 16.0.31424.327
MinimumVisualStudioVersion = 10.0.40219.1
Project("{FAE04EC0-301F-11D3-BF4B-00C04F79EFBC}") = "WebApplication1", "WebApplication1\WebApplication1.csproj", "{7FD099E0-3CEF-4397-BCE1-6148C5587D22}"
EndProject
Global
	GlobalSection(SolutionConfigurationPlatforms) = preSolution
		Debug|Any CPU = Debug|Any CPU
		Release|Any CPU = Release|Any CPU
	EndGlobalSection
	GlobalSection(ProjectConfigurationPlatforms) = postSolution
		{7FD099E0-3CEF-4397-BCE1-6148C5587D22}.Debug|Any CPU.ActiveCfg = Debug|Any CPU
		{7FD099E0-3CEF-4397-BCE1-6148C5587D22}.Debug|Any CPU.Build.0 = Debug|Any CPU
		{7FD099E0-3CEF-4397-BCE1-6148C5587D22}.Release|Any CPU.ActiveCfg = Release|Any CPU
		{7FD099E0-3CEF-4397-BCE1-6148C5587D22}.Release|Any CPU.Build.0 = Release|Any CPU
	EndGlobalSection
	GlobalSection(SolutionProperties) = preSolution
		HideSolutionNode = FALSE
	EndGlobalSection
	GlobalSection(ExtensibilityGlobals) = postSolution
		SolutionGuid = {6DF63569-CAE3-46A3-85E6-CD33102B71B2}
	EndGlobalSection
EndGlobal
